
Microsoft Visual Studio Solution File, Format Version 12.00
# Visual Studio 15
VisualStudioVersion = 15.0.28010.2046
MinimumVisualStudioVersion = 10.0.40219.1
Project("{8BC9CEB8-8B4A-11D0-8D11-00A0C91BC942}") = "Engine", "Engine.vcxproj", "{746CC4C3-787F-4B0E-AA66-E388FE3FF4F6}"
	ProjectSection(ProjectDependencies) = postProject
		{62E17E40-90FA-2E43-B9B4-A87B35EBD30A} = {62E17E40-90FA-2E43-B9B4-A87B35EBD30A}
		{C93E1058-5E08-2E44-A681-B325383AB54D} = {C93E1058-5E08-2E44-A681-B325383AB54D}
		{B4BD7B61-8737-BE41-AEC6-2E8BDFA0B063} = {B4BD7B61-8737-BE41-AEC6-2E8BDFA0B063}
		{31156E9F-ADC0-F34B-9898-51366509CA00} = {31156E9F-ADC0-F34B-9898-51366509CA00}
		{91D6A2A1-BAE8-954D-9506-D3265F7F95D2} = {91D6A2A1-BAE8-954D-9506-D3265F7F95D2}
		{0DF9D8F0-9F4C-A94D-AC8F-23ABDAEBA35E} = {0DF9D8F0-9F4C-A94D-AC8F-23ABDAEBA35E}
		{8ECF9DFD-464D-FD4C-891C-7CD6E0D26040} = {8ECF9DFD-464D-FD4C-891C-7CD6E0D26040}
	EndProjectSection
EndProject
Project("{8BC9CEB8-8B4A-11D0-8D11-00A0C91BC942}") = "Bullet3Common", "bullet3\build3\vs2010\Bullet3Common.vcxproj", "{62E17E40-90FA-2E43-B9B4-A87B35EBD30A}"
EndProject
Project("{8BC9CEB8-8B4A-11D0-8D11-00A0C91BC942}") = "BulletCollision", "bullet3\build3\vs2010\BulletCollision.vcxproj", "{8ECF9DFD-464D-FD4C-891C-7CD6E0D26040}"
EndProject
Project("{8BC9CEB8-8B4A-11D0-8D11-00A0C91BC942}") = "BulletDynamics", "bullet3\build3\vs2010\BulletDynamics.vcxproj", "{91D6A2A1-BAE8-954D-9506-D3265F7F95D2}"
EndProject
Project("{8BC9CEB8-8B4A-11D0-8D11-00A0C91BC942}") = "BulletSoftBody", "bullet3\build3\vs2010\BulletSoftBody.vcxproj", "{31156E9F-ADC0-F34B-9898-51366509CA00}"
EndProject
Project("{8BC9CEB8-8B4A-11D0-8D11-00A0C91BC942}") = "BulletInverseDynamics", "bullet3\build3\vs2010\BulletInverseDynamics.vcxproj", "{B4BD7B61-8737-BE41-AEC6-2E8BDFA0B063}"
EndProject
Project("{8BC9CEB8-8B4A-11D0-8D11-00A0C91BC942}") = "Bullet3Geometry", "bullet3\build3\vs2010\Bullet3Geometry.vcxproj", "{0DF9D8F0-9F4C-A94D-AC8F-23ABDAEBA35E}"
EndProject
Project("{8BC9CEB8-8B4A-11D0-8D11-00A0C91BC942}") = "LinearMath", "bullet3\build3\vs2010\LinearMath.vcxproj", "{C93E1058-5E08-2E44-A681-B325383AB54D}"
EndProject
Global
	GlobalSection(SolutionConfigurationPlatforms) = preSolution
		Debug|Win32 = Debug|Win32
		Debug|x64 = Debug|x64
		Release|Win32 = Release|Win32
		Release|x64 = Release|x64
	EndGlobalSection
	GlobalSection(ProjectConfigurationPlatforms) = postSolution
		{746CC4C3-787F-4B0E-AA66-E388FE3FF4F6}.Debug|Win32.ActiveCfg = Debug|Win32
		{746CC4C3-787F-4B0E-AA66-E388FE3FF4F6}.Debug|Win32.Build.0 = Debug|Win32
		{746CC4C3-787F-4B0E-AA66-E388FE3FF4F6}.Debug|x64.ActiveCfg = Debug|Win32
		{746CC4C3-787F-4B0E-AA66-E388FE3FF4F6}.Release|Win32.ActiveCfg = Release|Win32
		{746CC4C3-787F-4B0E-AA66-E388FE3FF4F6}.Release|Win32.Build.0 = Release|Win32
		{746CC4C3-787F-4B0E-AA66-E388FE3FF4F6}.Release|x64.ActiveCfg = Release|Win32
		{62E17E40-90FA-2E43-B9B4-A87B35EBD30A}.Debug|Win32.ActiveCfg = Debug|Win32
		{62E17E40-90FA-2E43-B9B4-A87B35EBD30A}.Debug|Win32.Build.0 = Debug|Win32
		{62E17E40-90FA-2E43-B9B4-A87B35EBD30A}.Debug|x64.ActiveCfg = Debug|x64
		{62E17E40-90FA-2E43-B9B4-A87B35EBD30A}.Debug|x64.Build.0 = Debug|x64
		{62E17E40-90FA-2E43-B9B4-A87B35EBD30A}.Release|Win32.ActiveCfg = Release|Win32
		{62E17E40-90FA-2E43-B9B4-A87B35EBD30A}.Release|Win32.Build.0 = Release|Win32
		{62E17E40-90FA-2E43-B9B4-A87B35EBD30A}.Release|x64.ActiveCfg = Release|x64
		{62E17E40-90FA-2E43-B9B4-A87B35EBD30A}.Release|x64.Build.0 = Release|x64
		{8ECF9DFD-464D-FD4C-891C-7CD6E0D26040}.Debug|Win32.ActiveCfg = Debug|Win32
		{8ECF9DFD-464D-FD4C-891C-7CD6E0D26040}.Debug|Win32.Build.0 = Debug|Win32
		{8ECF9DFD-464D-FD4C-891C-7CD6E0D26040}.Debug|x64.ActiveCfg = Debug|x64
		{8ECF9DFD-464D-FD4C-891C-7CD6E0D26040}.Debug|x64.Build.0 = Debug|x64
		{8ECF9DFD-464D-FD4C-891C-7CD6E0D26040}.Release|Win32.ActiveCfg = Release|Win32
		{8ECF9DFD-464D-FD4C-891C-7CD6E0D26040}.Release|Win32.Build.0 = Release|Win32
		{8ECF9DFD-464D-FD4C-891C-7CD6E0D26040}.Release|x64.ActiveCfg = Release|x64
		{8ECF9DFD-464D-FD4C-891C-7CD6E0D26040}.Release|x64.Build.0 = Release|x64
		{91D6A2A1-BAE8-954D-9506-D3265F7F95D2}.Debug|Win32.ActiveCfg = Debug|Win32
		{91D6A2A1-BAE8-954D-9506-D3265F7F95D2}.Debug|Win32.Build.0 = Debug|Win32
		{91D6A2A1-BAE8-954D-9506-D3265F7F95D2}.Debug|x64.ActiveCfg = Debug|x64
		{91D6A2A1-BAE8-954D-9506-D3265F7F95D2}.Debug|x64.Build.0 = Debug|x64
		{91D6A2A1-BAE8-954D-9506-D3265F7F95D2}.Release|Win32.ActiveCfg = Release|Win32
		{91D6A2A1-BAE8-954D-9506-D3265F7F95D2}.Release|Win32.Build.0 = Release|Win32
		{91D6A2A1-BAE8-954D-9506-D3265F7F95D2}.Release|x64.ActiveCfg = Release|x64
		{91D6A2A1-BAE8-954D-9506-D3265F7F95D2}.Release|x64.Build.0 = Release|x64
		{31156E9F-ADC0-F34B-9898-51366509CA00}.Debug|Win32.ActiveCfg = Debug|Win32
		{31156E9F-ADC0-F34B-9898-51366509CA00}.Debug|Win32.Build.0 = Debug|Win32
		{31156E9F-ADC0-F34B-9898-51366509CA00}.Debug|x64.ActiveCfg = Debug|x64
		{31156E9F-ADC0-F34B-9898-51366509CA00}.Debug|x64.Build.0 = Debug|x64
		{31156E9F-ADC0-F34B-9898-51366509CA00}.Release|Win32.ActiveCfg = Release|Win32
		{31156E9F-ADC0-F34B-9898-51366509CA00}.Release|Win32.Build.0 = Release|Win32
		{31156E9F-ADC0-F34B-9898-51366509CA00}.Release|x64.ActiveCfg = Release|x64
		{31156E9F-ADC0-F34B-9898-51366509CA00}.Release|x64.Build.0 = Release|x64
		{B4BD7B61-8737-BE41-AEC6-2E8BDFA0B063}.Debug|Win32.ActiveCfg = Debug|Win32
		{B4BD7B61-8737-BE41-AEC6-2E8BDFA0B063}.Debug|Win32.Build.0 = Debug|Win32
		{B4BD7B61-8737-BE41-AEC6-2E8BDFA0B063}.Debug|x64.ActiveCfg = Debug|x64
		{B4BD7B61-8737-BE41-AEC6-2E8BDFA0B063}.Debug|x64.Build.0 = Debug|x64
		{B4BD7B61-8737-BE41-AEC6-2E8BDFA0B063}.Release|Win32.ActiveCfg = Release|Win32
		{B4BD7B61-8737-BE41-AEC6-2E8BDFA0B063}.Release|Win32.Build.0 = Release|Win32
		{B4BD7B61-8737-BE41-AEC6-2E8BDFA0B063}.Release|x64.ActiveCfg = Release|x64
		{B4BD7B61-8737-BE41-AEC6-2E8BDFA0B063}.Release|x64.Build.0 = Release|x64
		{0DF9D8F0-9F4C-A94D-AC8F-23ABDAEBA35E}.Debug|Win32.ActiveCfg = Debug|Win32
		{0DF9D8F0-9F4C-A94D-AC8F-23ABDAEBA35E}.Debug|Win32.Build.0 = Debug|Win32
		{0DF9D8F0-9F4C-A94D-AC8F-23ABDAEBA35E}.Debug|x64.ActiveCfg = Debug|x64
		{0DF9D8F0-9F4C-A94D-AC8F-23ABDAEBA35E}.Debug|x64.Build.0 = Debug|x64
		{0DF9D8F0-9F4C-A94D-AC8F-23ABDAEBA35E}.Release|Win32.ActiveCfg = Release|Win32
		{0DF9D8F0-9F4C-A94D-AC8F-23ABDAEBA35E}.Release|Win32.Build.0 = Release|Win32
		{0DF9D8F0-9F4C-A94D-AC8F-23ABDAEBA35E}.Release|x64.ActiveCfg = Release|x64
		{0DF9D8F0-9F4C-A94D-AC8F-23ABDAEBA35E}.Release|x64.Build.0 = Release|x64
		{C93E1058-5E08-2E44-A681-B325383AB54D}.Debug|Win32.ActiveCfg = Debug|Win32
		{C93E1058-5E08-2E44-A681-B325383AB54D}.Debug|Win32.Build.0 = Debug|Win32
		{C93E1058-5E08-2E44-A681-B325383AB54D}.Debug|x64.ActiveCfg = Debug|x64
		{C93E1058-5E08-2E44-A681-B325383AB54D}.Debug|x64.Build.0 = Debug|x64
		{C93E1058-5E08-2E44-A681-B325383AB54D}.Release|Win32.ActiveCfg = Release|Win32
		{C93E1058-5E08-2E44-A681-B325383AB54D}.Release|Win32.Build.0 = Release|Win32
		{C93E1058-5E08-2E44-A681-B325383AB54D}.Release|x64.ActiveCfg = Release|x64
		{C93E1058-5E08-2E44-A681-B325383AB54D}.Release|x64.Build.0 = Release|x64
	EndGlobalSection
	GlobalSection(SolutionProperties) = preSolution
		HideSolutionNode = FALSE
	EndGlobalSection
	GlobalSection(ExtensibilityGlobals) = postSolution
		SolutionGuid = {41566DA0-BBC2-42EE-9C4A-A861BDF574CD}
	EndGlobalSection
EndGlobal
