<?xml version="1.0" encoding="utf-8"?>
<Project ToolsVersion="4.0" xmlns="http://schemas.microsoft.com/developer/msbuild/2003">
  <ItemGroup>
    <Filter Include="examples">
      <UniqueIdentifier>{B295C4BD-0B18-D34F-8412-210ACE94BCAD}</UniqueIdentifier>
    </Filter>
    <Filter Include="examples\ThirdPartyLibs">
      <UniqueIdentifier>{D7C5B59E-CA0D-544F-B204-82EEA04D05C3}</UniqueIdentifier>
    </Filter>
    <Filter Include="examples\ThirdPartyLibs\glad">
      <UniqueIdentifier>{67FAC6C1-09D0-CD4A-BFB6-39BCE15864A5}</UniqueIdentifier>
    </Filter>
    <Filter Include="examples\SimpleOpenGL3">
      <UniqueIdentifier>{71292E36-B2C7-FD47-A222-3089F5E65363}</UniqueIdentifier>
    </Filter>
  </ItemGroup>
  <ItemGroup>
    <ClCompile Include="..\..\examples\ThirdPartyLibs\glad\gl.c">
      <Filter>examples\ThirdPartyLibs\glad</Filter>
    </ClCompile>
    <ClCompile Include="..\..\examples\SimpleOpenGL3\main.cpp">
      <Filter>examples\SimpleOpenGL3</Filter>
    </ClCompile>
  </ItemGroup>
</Project>
