<?xml version="1.0" encoding="utf-8"?>
<Project ToolsVersion="4.0" xmlns="http://schemas.microsoft.com/developer/msbuild/2003">
  <ItemGroup>
    <Filter Include="Extras">
      <UniqueIdentifier>{A508F1AF-D47F-8C40-AE99-4EEFD29760B7}</UniqueIdentifier>
    </Filter>
    <Filter Include="Extras\obj2sdf">
      <UniqueIdentifier>{1A5FCE8E-6BA1-AD4B-B89C-52251211CC30}</UniqueIdentifier>
    </Filter>
    <Filter Include="examples">
      <UniqueIdentifier>{B8F1BD2D-D8B6-424C-B3DC-E3FE42D7D999}</UniqueIdentifier>
    </Filter>
    <Filter Include="examples\Utils">
      <UniqueIdentifier>{A3C2819A-30C8-E941-9B65-151206629FF2}</UniqueIdentifier>
    </Filter>
    <Filter Include="examples\ThirdPartyLibs">
      <UniqueIdentifier>{21E25E0D-1243-CD45-A9DE-DFA31E449E9C}</UniqueIdentifier>
    </Filter>
    <Filter Include="examples\ThirdPartyLibs\Wavefront">
      <UniqueIdentifier>{5AD485B5-94CF-4F40-8D29-B0D29B8450D4}</UniqueIdentifier>
    </Filter>
  </ItemGroup>
  <ItemGroup>
    <ClInclude Include="..\..\examples\Utils\b3ResourcePath.h">
      <Filter>examples\Utils</Filter>
    </ClInclude>
  </ItemGroup>
  <ItemGroup>
    <ClCompile Include="..\..\Extras\obj2sdf\obj2sdf.cpp">
      <Filter>Extras\obj2sdf</Filter>
    </ClCompile>
    <ClCompile Include="..\..\examples\Utils\b3ResourcePath.cpp">
      <Filter>examples\Utils</Filter>
    </ClCompile>
    <ClCompile Include="..\..\examples\ThirdPartyLibs\Wavefront\tiny_obj_loader.cpp">
      <Filter>examples\ThirdPartyLibs\Wavefront</Filter>
    </ClCompile>
  </ItemGroup>
</Project>
