<?xml version="1.0" encoding="utf-8"?>
<Project ToolsVersion="4.0" xmlns="http://schemas.microsoft.com/developer/msbuild/2003">
  <ItemGroup>
    <Filter Include="src">
      <UniqueIdentifier>{E60251A9-7FF8-1E4F-B2AF-8711664F0448}</UniqueIdentifier>
    </Filter>
    <Filter Include="src\clew">
      <UniqueIdentifier>{C5DE3754-2A3A-FF4E-8544-891B9916AE79}</UniqueIdentifier>
    </Filter>
    <Filter Include="examples">
      <UniqueIdentifier>{16425E77-D13E-1344-8ADC-05DFA504F48C}</UniqueIdentifier>
    </Filter>
    <Filter Include="examples\ThirdPartyLibs">
      <UniqueIdentifier>{0475525A-858D-4445-8A1E-6FEAB415AA49}</UniqueIdentifier>
    </Filter>
    <Filter Include="examples\ThirdPartyLibs\glad">
      <UniqueIdentifier>{FA4AEBD9-7F4A-3A45-8C7C-35F233570B03}</UniqueIdentifier>
    </Filter>
    <Filter Include="examples\ExampleBrowser">
      <UniqueIdentifier>{38F31F41-93AB-FF43-BA24-65D59C5E91E2}</UniqueIdentifier>
    </Filter>
    <Filter Include="examples\Utils">
      <UniqueIdentifier>{86E36E92-8619-EB44-86F0-81ECE3137D16}</UniqueIdentifier>
    </Filter>
    <Filter Include="examples\ExampleBrowser\GwenGUISupport">
      <UniqueIdentifier>{2CF1A1F3-1AE4-8242-9F6C-F6868602ADCD}</UniqueIdentifier>
    </Filter>
  </ItemGroup>
  <ItemGroup>
    <ClInclude Include="..\..\src\clew\clew.h">
      <Filter>src\clew</Filter>
    </ClInclude>
    <ClInclude Include="..\..\examples\Utils\b3Clock.h">
      <Filter>examples\Utils</Filter>
    </ClInclude>
    <ClInclude Include="..\..\examples\Utils\ChromeTraceUtil.h">
      <Filter>examples\Utils</Filter>
    </ClInclude>
    <ClInclude Include="..\..\examples\ExampleBrowser\CollisionShape2TriangleMesh.h">
      <Filter>examples\ExampleBrowser</Filter>
    </ClInclude>
    <ClInclude Include="..\..\examples\ExampleBrowser\EmptyBrowser.h">
      <Filter>examples\ExampleBrowser</Filter>
    </ClInclude>
    <ClInclude Include="..\..\examples\ExampleBrowser\EmptyExample.h">
      <Filter>examples\ExampleBrowser</Filter>
    </ClInclude>
    <ClInclude Include="..\..\examples\ExampleBrowser\ExampleBrowserInterface.h">
      <Filter>examples\ExampleBrowser</Filter>
    </ClInclude>
    <ClInclude Include="..\..\examples\ExampleBrowser\ExampleEntries.h">
      <Filter>examples\ExampleBrowser</Filter>
    </ClInclude>
    <ClInclude Include="..\..\examples\ExampleBrowser\GL_ShapeDrawer.h">
      <Filter>examples\ExampleBrowser</Filter>
    </ClInclude>
    <ClInclude Include="..\..\examples\ExampleBrowser\InProcessExampleBrowser.h">
      <Filter>examples\ExampleBrowser</Filter>
    </ClInclude>
    <ClInclude Include="..\..\examples\ExampleBrowser\OpenGLExampleBrowser.h">
      <Filter>examples\ExampleBrowser</Filter>
    </ClInclude>
    <ClInclude Include="..\..\examples\ExampleBrowser\OpenGLGuiHelper.h">
      <Filter>examples\ExampleBrowser</Filter>
    </ClInclude>
    <ClInclude Include="..\..\examples\ExampleBrowser\GwenGUISupport\GraphingTexture.h">
      <Filter>examples\ExampleBrowser\GwenGUISupport</Filter>
    </ClInclude>
    <ClInclude Include="..\..\examples\ExampleBrowser\GwenGUISupport\gwenInternalData.h">
      <Filter>examples\ExampleBrowser\GwenGUISupport</Filter>
    </ClInclude>
    <ClInclude Include="..\..\examples\ExampleBrowser\GwenGUISupport\GwenParameterInterface.h">
      <Filter>examples\ExampleBrowser\GwenGUISupport</Filter>
    </ClInclude>
    <ClInclude Include="..\..\examples\ExampleBrowser\GwenGUISupport\GwenProfileWindow.h">
      <Filter>examples\ExampleBrowser\GwenGUISupport</Filter>
    </ClInclude>
    <ClInclude Include="..\..\examples\ExampleBrowser\GwenGUISupport\GwenTextureWindow.h">
      <Filter>examples\ExampleBrowser\GwenGUISupport</Filter>
    </ClInclude>
    <ClInclude Include="..\..\examples\ExampleBrowser\GwenGUISupport\gwenUserInterface.h">
      <Filter>examples\ExampleBrowser\GwenGUISupport</Filter>
    </ClInclude>
    <ClInclude Include="..\..\examples\Utils\b3ResourcePath.h">
      <Filter>examples\Utils</Filter>
    </ClInclude>
  </ItemGroup>
  <ItemGroup>
    <ClCompile Include="..\..\src\clew\clew.c">
      <Filter>src\clew</Filter>
    </ClCompile>
    <ClCompile Include="..\..\examples\ThirdPartyLibs\glad\gl.c">
      <Filter>examples\ThirdPartyLibs\glad</Filter>
    </ClCompile>
    <ClCompile Include="..\..\examples\ExampleBrowser\OpenGLExampleBrowser.cpp">
      <Filter>examples\ExampleBrowser</Filter>
    </ClCompile>
    <ClCompile Include="..\..\examples\ExampleBrowser\OpenGLGuiHelper.cpp">
      <Filter>examples\ExampleBrowser</Filter>
    </ClCompile>
    <ClCompile Include="..\..\examples\Utils\b3Clock.cpp">
      <Filter>examples\Utils</Filter>
    </ClCompile>
    <ClCompile Include="..\..\examples\Utils\ChromeTraceUtil.cpp">
      <Filter>examples\Utils</Filter>
    </ClCompile>
    <ClCompile Include="..\..\examples\ExampleBrowser\GwenGUISupport\GraphingTexture.cpp">
      <Filter>examples\ExampleBrowser\GwenGUISupport</Filter>
    </ClCompile>
    <ClCompile Include="..\..\examples\ExampleBrowser\GwenGUISupport\GwenParameterInterface.cpp">
      <Filter>examples\ExampleBrowser\GwenGUISupport</Filter>
    </ClCompile>
    <ClCompile Include="..\..\examples\ExampleBrowser\GwenGUISupport\GwenProfileWindow.cpp">
      <Filter>examples\ExampleBrowser\GwenGUISupport</Filter>
    </ClCompile>
    <ClCompile Include="..\..\examples\ExampleBrowser\GwenGUISupport\GwenTextureWindow.cpp">
      <Filter>examples\ExampleBrowser\GwenGUISupport</Filter>
    </ClCompile>
    <ClCompile Include="..\..\examples\ExampleBrowser\GwenGUISupport\gwenUserInterface.cpp">
      <Filter>examples\ExampleBrowser\GwenGUISupport</Filter>
    </ClCompile>
    <ClCompile Include="..\..\examples\ExampleBrowser\CollisionShape2TriangleMesh.cpp">
      <Filter>examples\ExampleBrowser</Filter>
    </ClCompile>
    <ClCompile Include="..\..\examples\Utils\b3ResourcePath.cpp">
      <Filter>examples\Utils</Filter>
    </ClCompile>
    <ClCompile Include="..\..\examples\ExampleBrowser\GL_ShapeDrawer.cpp">
      <Filter>examples\ExampleBrowser</Filter>
    </ClCompile>
    <ClCompile Include="..\..\examples\ExampleBrowser\InProcessExampleBrowser.cpp">
      <Filter>examples\ExampleBrowser</Filter>
    </ClCompile>
  </ItemGroup>
</Project>
