<?xml version="1.0" encoding="utf-8"?>
<Project ToolsVersion="4.0" xmlns="http://schemas.microsoft.com/developer/msbuild/2003">
  <ItemGroup>
    <Filter Include="examples">
      <UniqueIdentifier>{2BA0C5DB-D1EA-5947-9031-BA201F699628}</UniqueIdentifier>
    </Filter>
    <Filter Include="examples\ThirdPartyLibs">
      <UniqueIdentifier>{6012751C-9A53-2642-B43B-B9A73DA17371}</UniqueIdentifier>
    </Filter>
    <Filter Include="examples\ThirdPartyLibs\enet">
      <UniqueIdentifier>{7746E52D-24DF-E44C-AD34-A966DE1D63AC}</UniqueIdentifier>
    </Filter>
    <Filter Include="examples\ThirdPartyLibs\enet\include">
      <UniqueIdentifier>{C1303F37-A205-4D45-9284-09CC82E6D591}</UniqueIdentifier>
    </Filter>
    <Filter Include="examples\ThirdPartyLibs\enet\include\enet">
      <UniqueIdentifier>{C8D9985A-639C-0340-A02F-80FD9771D6D3}</UniqueIdentifier>
    </Filter>
  </ItemGroup>
  <ItemGroup>
    <ClInclude Include="..\..\examples\ThirdPartyLibs\enet\include\enet\callbacks.h">
      <Filter>examples\ThirdPartyLibs\enet\include\enet</Filter>
    </ClInclude>
    <ClInclude Include="..\..\examples\ThirdPartyLibs\enet\include\enet\enet.h">
      <Filter>examples\ThirdPartyLibs\enet\include\enet</Filter>
    </ClInclude>
    <ClInclude Include="..\..\examples\ThirdPartyLibs\enet\include\enet\list.h">
      <Filter>examples\ThirdPartyLibs\enet\include\enet</Filter>
    </ClInclude>
    <ClInclude Include="..\..\examples\ThirdPartyLibs\enet\include\enet\protocol.h">
      <Filter>examples\ThirdPartyLibs\enet\include\enet</Filter>
    </ClInclude>
    <ClInclude Include="..\..\examples\ThirdPartyLibs\enet\include\enet\time.h">
      <Filter>examples\ThirdPartyLibs\enet\include\enet</Filter>
    </ClInclude>
    <ClInclude Include="..\..\examples\ThirdPartyLibs\enet\include\enet\types.h">
      <Filter>examples\ThirdPartyLibs\enet\include\enet</Filter>
    </ClInclude>
    <ClInclude Include="..\..\examples\ThirdPartyLibs\enet\include\enet\unix.h">
      <Filter>examples\ThirdPartyLibs\enet\include\enet</Filter>
    </ClInclude>
    <ClInclude Include="..\..\examples\ThirdPartyLibs\enet\include\enet\utility.h">
      <Filter>examples\ThirdPartyLibs\enet\include\enet</Filter>
    </ClInclude>
    <ClInclude Include="..\..\examples\ThirdPartyLibs\enet\include\enet\win32.h">
      <Filter>examples\ThirdPartyLibs\enet\include\enet</Filter>
    </ClInclude>
  </ItemGroup>
  <ItemGroup>
    <ClCompile Include="..\..\examples\ThirdPartyLibs\enet\win32.c">
      <Filter>examples\ThirdPartyLibs\enet</Filter>
    </ClCompile>
    <ClCompile Include="..\..\examples\ThirdPartyLibs\enet\callbacks.c">
      <Filter>examples\ThirdPartyLibs\enet</Filter>
    </ClCompile>
    <ClCompile Include="..\..\examples\ThirdPartyLibs\enet\compress.c">
      <Filter>examples\ThirdPartyLibs\enet</Filter>
    </ClCompile>
    <ClCompile Include="..\..\examples\ThirdPartyLibs\enet\host.c">
      <Filter>examples\ThirdPartyLibs\enet</Filter>
    </ClCompile>
    <ClCompile Include="..\..\examples\ThirdPartyLibs\enet\list.c">
      <Filter>examples\ThirdPartyLibs\enet</Filter>
    </ClCompile>
    <ClCompile Include="..\..\examples\ThirdPartyLibs\enet\packet.c">
      <Filter>examples\ThirdPartyLibs\enet</Filter>
    </ClCompile>
    <ClCompile Include="..\..\examples\ThirdPartyLibs\enet\peer.c">
      <Filter>examples\ThirdPartyLibs\enet</Filter>
    </ClCompile>
    <ClCompile Include="..\..\examples\ThirdPartyLibs\enet\protocol.c">
      <Filter>examples\ThirdPartyLibs\enet</Filter>
    </ClCompile>
  </ItemGroup>
</Project>
