<?xml version="1.0" encoding="utf-8"?>
<Project ToolsVersion="4.0" xmlns="http://schemas.microsoft.com/developer/msbuild/2003">
  <ItemGroup>
    <Filter Include="test">
      <UniqueIdentifier>{0C6157B5-8D55-0040-9B18-6E058F8F9BAE}</UniqueIdentifier>
    </Filter>
    <Filter Include="test\InverseDynamics">
      <UniqueIdentifier>{33137E86-5098-3644-BF80-8E0B353D4E36}</UniqueIdentifier>
    </Filter>
  </ItemGroup>
  <ItemGroup>
    <ClCompile Include="..\..\test\InverseDynamics\test_invdyn_jacobian.cpp">
      <Filter>test\InverseDynamics</Filter>
    </ClCompile>
  </ItemGroup>
</Project>
