<?xml version="1.0" encoding="utf-8"?>
<Project ToolsVersion="4.0" xmlns="http://schemas.microsoft.com/developer/msbuild/2003">
  <ItemGroup>
    <Filter Include="examples">
      <UniqueIdentifier>{4529ADDF-879B-B644-9D37-27B62E9F4111}</UniqueIdentifier>
    </Filter>
    <Filter Include="examples\MultiBody">
      <UniqueIdentifier>{77C04466-1D1B-EA4B-8ABE-AE8F08FFB81F}</UniqueIdentifier>
    </Filter>
  </ItemGroup>
  <ItemGroup>
    <ClInclude Include="..\..\examples\MultiBody\pendulum_gold.h">
      <Filter>examples\MultiBody</Filter>
    </ClInclude>
  </ItemGroup>
  <ItemGroup>
    <ClCompile Include="..\..\examples\MultiBody\Pendulum.cpp">
      <Filter>examples\MultiBody</Filter>
    </ClCompile>
  </ItemGroup>
</Project>
