<?xml version="1.0" encoding="utf-8"?>
<Project ToolsVersion="4.0" xmlns="http://schemas.microsoft.com/developer/msbuild/2003">
  <ItemGroup>
    <Filter Include="test">
      <UniqueIdentifier>{FB95787D-B7CD-D142-9C4B-030FCAE5A20C}</UniqueIdentifier>
    </Filter>
    <Filter Include="test\enet">
      <UniqueIdentifier>{37A06DB5-F3E2-774E-8F70-403841ABC022}</UniqueIdentifier>
    </Filter>
    <Filter Include="test\enet\nat_punchthrough">
      <UniqueIdentifier>{EB185405-89A1-3848-A3A1-7C5F3E4799A6}</UniqueIdentifier>
    </Filter>
    <Filter Include="test\enet\nat_punchthrough\client">
      <UniqueIdentifier>{A0EB8FDC-66E3-0544-A758-DFEBBA0905D9}</UniqueIdentifier>
    </Filter>
  </ItemGroup>
  <ItemGroup>
    <ClCompile Include="..\..\test\enet\nat_punchthrough\client\main.cpp">
      <Filter>test\enet\nat_punchthrough\client</Filter>
    </ClCompile>
  </ItemGroup>
</Project>
