<?xml version="1.0" encoding="utf-8"?>
<Project ToolsVersion="4.0" xmlns="http://schemas.microsoft.com/developer/msbuild/2003">
  <ItemGroup>
    <Filter Include="test">
      <UniqueIdentifier>{1BB967B3-E5FF-0B47-B34C-47DADD6E1BE1}</UniqueIdentifier>
    </Filter>
    <Filter Include="test\clsocket">
      <UniqueIdentifier>{81A60080-EBFF-F54C-B6F2-0EDBF6E437D8}</UniqueIdentifier>
    </Filter>
  </ItemGroup>
  <ItemGroup>
    <ClCompile Include="..\..\test\clsocket\QueryDayTime.cpp">
      <Filter>test\clsocket</Filter>
    </ClCompile>
  </ItemGroup>
</Project>
