<?xml version="1.0" encoding="utf-8"?>
<Project ToolsVersion="4.0" xmlns="http://schemas.microsoft.com/developer/msbuild/2003">
  <ItemGroup>
    <Filter Include="Extras">
      <UniqueIdentifier>{8967CDB9-0241-E544-BF18-6AEFCC1745CA}</UniqueIdentifier>
    </Filter>
    <Filter Include="Extras\VHACD">
      <UniqueIdentifier>{ADE0CE7B-2608-DB4A-86F1-FC5B5F40086B}</UniqueIdentifier>
    </Filter>
    <Filter Include="Extras\VHACD\test">
      <UniqueIdentifier>{7DAA1361-F725-F34D-9BBB-BAAD33624414}</UniqueIdentifier>
    </Filter>
    <Filter Include="Extras\VHACD\test\src">
      <UniqueIdentifier>{F38170F7-A5E4-214F-9F41-EF0CC4D458B8}</UniqueIdentifier>
    </Filter>
  </ItemGroup>
  <ItemGroup>
    <ClCompile Include="..\..\Extras\VHACD\test\src\main.cpp">
      <Filter>Extras\VHACD\test\src</Filter>
    </ClCompile>
  </ItemGroup>
</Project>
